schema: '2.0'
stages:
  mystage:
    cmd: python train.py
    deps:
    - path: data
      hash: md5
      md5: 0dd11d717e4aed465001b40f47d46af2.dir
      size: 23105
      nfiles: 1
    - path: train.py
      hash: md5
      md5: 34e50faed78ddacd803f01bfc2541aeb
      size: 1729
    outs:
    - path: metrics.json
      hash: md5
      md5: bb053055a4da42884cb0a17e36794358
      size: 32
    - path: plots.png
      hash: md5
      md5: 222f6e0c070391443ec5852c1ffd0eb6
      size: 18175
